
Microsoft Visual Studio Solution File, Format Version 12.00
# Visual Studio Version 17
VisualStudioVersion = 17.12.35707.178 d17.12
MinimumVisualStudioVersion = 10.0.40219.1
Project("{FAE04EC0-301F-11D3-BF4B-00C04F79EFBC}") = "TextswapAuthApi", "TextswapAuthApi\TextswapAuthApi.csproj", "{69BB3847-27ED-4D06-8E6E-EF8BDA865CC8}"
EndProject
Project("{FAE04EC0-301F-11D3-BF4B-00C04F79EFBC}") = "TextswapAuthApi.Presentation", "TextswapAuthApi.Presentation\TextswapAuthApi.Presentation.csproj", "{D29B1156-4F0B-4738-8710-3770B05A237B}"
EndProject
Project("{FAE04EC0-301F-11D3-BF4B-00C04F79EFBC}") = "TextswapAuthApi.Infrastructure", "TextswapAuthApi.Infrastructure\TextswapAuthApi.Infrastructure.csproj", "{4143CD59-5A27-40FE-9239-C3F452E2A77E}"
EndProject
Project("{FAE04EC0-301F-11D3-BF4B-00C04F79EFBC}") = "TextswapAuthApi.Application", "TextswapAuthApi.Application\TextswapAuthApi.Application.csproj", "{29C3C959-DFA0-4A5D-B634-7EE82EB67AF4}"
EndProject
Project("{FAE04EC0-301F-11D3-BF4B-00C04F79EFBC}") = "TextswapAuthApi.Domaine", "TextswapAuthApi.Domaine\TextswapAuthApi.Domaine.csproj", "{9AED625E-BC06-4368-97FC-0CA20BE96B6A}"
EndProject
Project("{E53339B2-1760-4266-BCC7-CA923CBCF16C}") = "docker-compose", "docker-compose.dcproj", "{99A11B2E-6F1E-4B52-AF72-53BD0A43D99B}"
EndProject
Global
	GlobalSection(SolutionConfigurationPlatforms) = preSolution
		Debug|Any CPU = Debug|Any CPU
		Release|Any CPU = Release|Any CPU
	EndGlobalSection
	GlobalSection(ProjectConfigurationPlatforms) = postSolution
		{69BB3847-27ED-4D06-8E6E-EF8BDA865CC8}.Debug|Any CPU.ActiveCfg = Debug|Any CPU
		{69BB3847-27ED-4D06-8E6E-EF8BDA865CC8}.Debug|Any CPU.Build.0 = Debug|Any CPU
		{69BB3847-27ED-4D06-8E6E-EF8BDA865CC8}.Release|Any CPU.ActiveCfg = Release|Any CPU
		{69BB3847-27ED-4D06-8E6E-EF8BDA865CC8}.Release|Any CPU.Build.0 = Release|Any CPU
		{D29B1156-4F0B-4738-8710-3770B05A237B}.Debug|Any CPU.ActiveCfg = Debug|Any CPU
		{D29B1156-4F0B-4738-8710-3770B05A237B}.Debug|Any CPU.Build.0 = Debug|Any CPU
		{D29B1156-4F0B-4738-8710-3770B05A237B}.Release|Any CPU.ActiveCfg = Release|Any CPU
		{D29B1156-4F0B-4738-8710-3770B05A237B}.Release|Any CPU.Build.0 = Release|Any CPU
		{4143CD59-5A27-40FE-9239-C3F452E2A77E}.Debug|Any CPU.ActiveCfg = Debug|Any CPU
		{4143CD59-5A27-40FE-9239-C3F452E2A77E}.Debug|Any CPU.Build.0 = Debug|Any CPU
		{4143CD59-5A27-40FE-9239-C3F452E2A77E}.Release|Any CPU.ActiveCfg = Release|Any CPU
		{4143CD59-5A27-40FE-9239-C3F452E2A77E}.Release|Any CPU.Build.0 = Release|Any CPU
		{29C3C959-DFA0-4A5D-B634-7EE82EB67AF4}.Debug|Any CPU.ActiveCfg = Debug|Any CPU
		{29C3C959-DFA0-4A5D-B634-7EE82EB67AF4}.Debug|Any CPU.Build.0 = Debug|Any CPU
		{29C3C959-DFA0-4A5D-B634-7EE82EB67AF4}.Release|Any CPU.ActiveCfg = Release|Any CPU
		{29C3C959-DFA0-4A5D-B634-7EE82EB67AF4}.Release|Any CPU.Build.0 = Release|Any CPU
		{9AED625E-BC06-4368-97FC-0CA20BE96B6A}.Debug|Any CPU.ActiveCfg = Debug|Any CPU
		{9AED625E-BC06-4368-97FC-0CA20BE96B6A}.Debug|Any CPU.Build.0 = Debug|Any CPU
		{9AED625E-BC06-4368-97FC-0CA20BE96B6A}.Release|Any CPU.ActiveCfg = Release|Any CPU
		{9AED625E-BC06-4368-97FC-0CA20BE96B6A}.Release|Any CPU.Build.0 = Release|Any CPU
		{99A11B2E-6F1E-4B52-AF72-53BD0A43D99B}.Debug|Any CPU.ActiveCfg = Debug|Any CPU
		{99A11B2E-6F1E-4B52-AF72-53BD0A43D99B}.Debug|Any CPU.Build.0 = Debug|Any CPU
		{99A11B2E-6F1E-4B52-AF72-53BD0A43D99B}.Release|Any CPU.ActiveCfg = Release|Any CPU
		{99A11B2E-6F1E-4B52-AF72-53BD0A43D99B}.Release|Any CPU.Build.0 = Release|Any CPU
	EndGlobalSection
	GlobalSection(SolutionProperties) = preSolution
		HideSolutionNode = FALSE
	EndGlobalSection
EndGlobal
